
Microsoft Visual Studio Solution File, Format Version 12.00
# Visual Studio Version 17
VisualStudioVersion = 17.2.32630.192
MinimumVisualStudioVersion = 10.0.40219.1
Project("{9A19103F-16F7-4668-BE54-9A1E7A4F7556}") = "SpecFlow.Core", "SpecFlow.Core\SpecFlow.Core.csproj", "{250B88F8-73A4-4576-823F-E64DC17AE7DA}"
EndProject
Project("{FAE04EC0-301F-11D3-BF4B-00C04F79EFBC}") = "SpecFlow.Core.Test", "SpecFlow.Core.Test\SpecFlow.Core.Test.csproj", "{D2B46976-A65A-40FB-A1AC-3E18E23A50D7}"
EndProject
Global
	GlobalSection(SolutionConfigurationPlatforms) = preSolution
		Debug|Any CPU = Debug|Any CPU
		Release|Any CPU = Release|Any CPU
	EndGlobalSection
	GlobalSection(ProjectConfigurationPlatforms) = postSolution
		{250B88F8-73A4-4576-823F-E64DC17AE7DA}.Debug|Any CPU.ActiveCfg = Debug|Any CPU
		{250B88F8-73A4-4576-823F-E64DC17AE7DA}.Debug|Any CPU.Build.0 = Debug|Any CPU
		{250B88F8-73A4-4576-823F-E64DC17AE7DA}.Release|Any CPU.ActiveCfg = Release|Any CPU
		{250B88F8-73A4-4576-823F-E64DC17AE7DA}.Release|Any CPU.Build.0 = Release|Any CPU
		{D2B46976-A65A-40FB-A1AC-3E18E23A50D7}.Debug|Any CPU.ActiveCfg = Debug|Any CPU
		{D2B46976-A65A-40FB-A1AC-3E18E23A50D7}.Debug|Any CPU.Build.0 = Debug|Any CPU
		{D2B46976-A65A-40FB-A1AC-3E18E23A50D7}.Release|Any CPU.ActiveCfg = Release|Any CPU
		{D2B46976-A65A-40FB-A1AC-3E18E23A50D7}.Release|Any CPU.Build.0 = Release|Any CPU
	EndGlobalSection
	GlobalSection(SolutionProperties) = preSolution
		HideSolutionNode = FALSE
	EndGlobalSection
	GlobalSection(ExtensibilityGlobals) = postSolution
		SolutionGuid = {D76E84E4-2786-40A3-91C3-7DBFBD8FD781}
	EndGlobalSection
EndGlobal
